
Microsoft Visual Studio Solution File, Format Version 12.00
# Visual Studio 14
VisualStudioVersion = 14.0.25420.1
MinimumVisualStudioVersion = 10.0.40219.1
Project("{2150E333-8FDC-42A3-9474-1A3956D46DE8}") = "src", "src", "{08BC3422-2546-47BE-90CA-1CC640E0D864}"
EndProject
Project("{2150E333-8FDC-42A3-9474-1A3956D46DE8}") = "Solution Items", "Solution Items", "{7E03903F-5EEE-468B-B4A9-F0C936CFBD2D}"
	ProjectSection(SolutionItems) = preProject
		global.json = global.json
	EndProjectSection
EndProject
Project("{8BB2217D-0F2D-49D1-97BC-3654ED321F3B}") = "MvcMovie", "src\MvcMovie\MvcMovie.xproj", "{80626EB8-3138-4B40-8970-E35E351C63B6}"
EndProject
Global
	GlobalSection(SolutionConfigurationPlatforms) = preSolution
		Debug|Any CPU = Debug|Any CPU
		Release|Any CPU = Release|Any CPU
	EndGlobalSection
	GlobalSection(ProjectConfigurationPlatforms) = postSolution
		{80626EB8-3138-4B40-8970-E35E351C63B6}.Debug|Any CPU.ActiveCfg = Debug|Any CPU
		{80626EB8-3138-4B40-8970-E35E351C63B6}.Debug|Any CPU.Build.0 = Debug|Any CPU
		{80626EB8-3138-4B40-8970-E35E351C63B6}.Release|Any CPU.ActiveCfg = Release|Any CPU
		{80626EB8-3138-4B40-8970-E35E351C63B6}.Release|Any CPU.Build.0 = Release|Any CPU
	EndGlobalSection
	GlobalSection(SolutionProperties) = preSolution
		HideSolutionNode = FALSE
	EndGlobalSection
	GlobalSection(NestedProjects) = preSolution
		{80626EB8-3138-4B40-8970-E35E351C63B6} = {08BC3422-2546-47BE-90CA-1CC640E0D864}
	EndGlobalSection
EndGlobal
